{
  "requires": true,
  "lockfileVersion": 1,
  "dependencies": {
    "@types/datatables.net": {
      "version": "1.10.13",
      "resolved": "https://registry.npmjs.org/@types/datatables.net/-/datatables.net-1.10.13.tgz",
      "integrity": "sha512-0HFciKksfrrS3KYzqot2EZkZd2pADKN6ek92BqUZ46b1HdwPp8TV3s8mSpqRVGQofPr/iZBW0aS6cKG6oaa0MQ==",
      "dev": true,
      "requires": {
        "@types/jquery": "*"
      }
    },
    "@types/jquery": {
      "version": "3.3.22",
      "resolved": "https://registry.npmjs.org/@types/jquery/-/jquery-3.3.22.tgz",
      "integrity": "sha512-a4JDcIhJhHYnoWCkG3xT2CZxXZeA92JeREESorg0DMQ3ZsjuKF48h7XK4l5Gl2GRa/ItGRpKMT0pyK88yRgqXQ==",
      "requires": {
        "@types/sizzle": "*"
      }
    },
    "@types/sizzle": {
      "version": "2.3.2",
      "resolved": "https://registry.npmjs.org/@types/sizzle/-/sizzle-2.3.2.tgz",
      "integrity": "sha512-7EJYyKTL7tFR8+gDbB6Wwz/arpGa0Mywk1TJbNzKzHtzbwVmY4HR9WqS5VV7dsBUKQmPNr192jHr/VpBluj/hg=="
    },
    "angular-6-datatable": {
      "version": "0.8.0",
      "resolved": "https://registry.npmjs.org/angular-6-datatable/-/angular-6-datatable-0.8.0.tgz",
      "integrity": "sha512-MuxfFQ4jpbLVjyNrOtecwLd+dgizsr3PAQU2Kumacce7W8ibdjgenMIGoEsIobv6aZwRKYiYW5i1guRmpEgOgg==",
      "requires": {
        "lodash": "^4.0.0"
      }
    },
    "angular-datatables": {
      "version": "6.0.0",
      "resolved": "https://registry.npmjs.org/angular-datatables/-/angular-datatables-6.0.0.tgz",
      "integrity": "sha512-0GSP4xdmLIv0smdycSCrgaSSxVWNJVKJSsCbt4aVEpujUwLM58MepUUiNEb4Q+AGsmSnOx9SRNlPxAvRIxOlSg=="
    },
    "datatables.net": {
      "version": "1.10.19",
      "resolved": "https://registry.npmjs.org/datatables.net/-/datatables.net-1.10.19.tgz",
      "integrity": "sha512-+ljXcI6Pj3PTGy5pesp3E5Dr3x3AV45EZe0o1r0gKENN2gafBKXodVnk2ypKwl2tTmivjxbkiqoWnipTefyBTA==",
      "requires": {
        "jquery": ">=1.7"
      }
    },
    "datatables.net-dt": {
      "version": "1.10.19",
      "resolved": "https://registry.npmjs.org/datatables.net-dt/-/datatables.net-dt-1.10.19.tgz",
      "integrity": "sha512-joFHYjLYvr9VnC9Fx3e+8jtXnQ/fP/mPFWt9p0NhZ3Zm5N0jlYyWhJQbnLkihOLuDcDFMaGdBQSvmIdTVdgGyw==",
      "requires": {
        "datatables.net": "1.10.19",
        "jquery": ">=1.7"
      }
    },
    "jquery": {
      "version": "3.3.1",
      "resolved": "https://registry.npmjs.org/jquery/-/jquery-3.3.1.tgz",
      "integrity": "sha512-Ubldcmxp5np52/ENotGxlLe6aGMvmF4R8S6tZjsP6Knsaxd/xp3Zrh50cG93lR6nPXyUFwzN3ZSOQI0wRJNdGg=="
    },
    "lodash": {
      "version": "4.17.11",
      "resolved": "https://registry.npmjs.org/lodash/-/lodash-4.17.11.tgz",
      "integrity": "sha512-cQKh8igo5QUhZ7lg38DYWAxMvjSAKG0A8wGSVimP07SIUEK2UO+arSRKbRZWtelMtN5V0Hkwh5ryOto/SshYIg=="
    }
  }
}
